
Microsoft Visual Studio Solution File, Format Version 12.00
# Visual Studio Version 17
VisualStudioVersion = 17.8.34511.84
MinimumVisualStudioVersion = 10.0.40219.1
Project("{FAE04EC0-301F-11D3-BF4B-00C04F79EFBC}") = "Week8Ep1cGame", "Week8Ep1cGame\Week8Ep1cGame.csproj", "{F6E3A68A-9355-4ECB-A6D0-556649130F90}"
EndProject
Project("{FAE04EC0-301F-11D3-BF4B-00C04F79EFBC}") = "tets", "tets\tets.csproj", "{20EC6AA4-223F-430F-AB6A-B35E4AAAAC8B}"
EndProject
Global
	GlobalSection(SolutionConfigurationPlatforms) = preSolution
		Debug|Any CPU = Debug|Any CPU
		Release|Any CPU = Release|Any CPU
	EndGlobalSection
	GlobalSection(ProjectConfigurationPlatforms) = postSolution
		{F6E3A68A-9355-4ECB-A6D0-556649130F90}.Debug|Any CPU.ActiveCfg = Debug|Any CPU
		{F6E3A68A-9355-4ECB-A6D0-556649130F90}.Debug|Any CPU.Build.0 = Debug|Any CPU
		{F6E3A68A-9355-4ECB-A6D0-556649130F90}.Release|Any CPU.ActiveCfg = Release|Any CPU
		{F6E3A68A-9355-4ECB-A6D0-556649130F90}.Release|Any CPU.Build.0 = Release|Any CPU
		{20EC6AA4-223F-430F-AB6A-B35E4AAAAC8B}.Debug|Any CPU.ActiveCfg = Debug|Any CPU
		{20EC6AA4-223F-430F-AB6A-B35E4AAAAC8B}.Debug|Any CPU.Build.0 = Debug|Any CPU
		{20EC6AA4-223F-430F-AB6A-B35E4AAAAC8B}.Release|Any CPU.ActiveCfg = Release|Any CPU
		{20EC6AA4-223F-430F-AB6A-B35E4AAAAC8B}.Release|Any CPU.Build.0 = Release|Any CPU
	EndGlobalSection
	GlobalSection(SolutionProperties) = preSolution
		HideSolutionNode = FALSE
	EndGlobalSection
	GlobalSection(ExtensibilityGlobals) = postSolution
		SolutionGuid = {F0270965-7D83-4FF4-976A-1AECC9B20C64}
	EndGlobalSection
EndGlobal
